{
  "name": "발표자료",
  "lockfileVersion": 3,
  "requires": true,
  "packages": {
    "": {
      "devDependencies": {
        "@iconify-json/carbon": "^1.2.19",
        "@iconify-json/mdi": "^1.2.3"
      }
    },
    "node_modules/@iconify-json/carbon": {
      "version": "1.2.19",
      "resolved": "https://registry.npmjs.org/@iconify-json/carbon/-/carbon-1.2.19.tgz",
      "integrity": "sha512-l89XjtEeSA5fxlxPTNSU9AA+rxaz/Dn0X/ux0/3awR+tAayY8iJqWQu3AKxhchfx3LB/fX1Nv3ZppZzrBAt7aA==",
      "dev": true,
      "license": "Apache-2.0",
      "dependencies": {
        "@iconify/types": "*"
      }
    },
    "node_modules/@iconify-json/mdi": {
      "version": "1.2.3",
      "resolved": "https://registry.npmjs.org/@iconify-json/mdi/-/mdi-1.2.3.tgz",
      "integrity": "sha512-O3cLwbDOK7NNDf2ihaQOH5F9JglnulNDFV7WprU2dSoZu3h3cWH//h74uQAB87brHmvFVxIOkuBX2sZSzYhScg==",
      "dev": true,
      "license": "Apache-2.0",
      "dependencies": {
        "@iconify/types": "*"
      }
    },
    "node_modules/@iconify/types": {
      "version": "2.0.0",
      "resolved": "https://registry.npmjs.org/@iconify/types/-/types-2.0.0.tgz",
      "integrity": "sha512-+wluvCrRhXrhyOmRDJ3q8mux9JkKy5SJ/v8ol2tu4FVjyYvtEzkc/3pK15ET6RKg4b4w4BmTk1+gsCUhf21Ykg==",
      "dev": true,
      "license": "MIT"
    }
  }
}
